
Microsoft Visual Studio Solution File, Format Version 12.00
# Visual Studio 15
VisualStudioVersion = 15.0.28307.136
MinimumVisualStudioVersion = 10.0.40219.1
Project("{FAE04EC0-301F-11D3-BF4B-00C04F79EFBC}") = "WorldCup", "WorldCup\WorldCup.csproj", "{BB1090A4-175D-4958-8FE4-5E552126427E}"
EndProject
Global
	GlobalSection(SolutionConfigurationPlatforms) = preSolution
		Debug|Any CPU = Debug|Any CPU
		Release|Any CPU = Release|Any CPU
	EndGlobalSection
	GlobalSection(ProjectConfigurationPlatforms) = postSolution
		{BB1090A4-175D-4958-8FE4-5E552126427E}.Debug|Any CPU.ActiveCfg = Debug|Any CPU
		{BB1090A4-175D-4958-8FE4-5E552126427E}.Debug|Any CPU.Build.0 = Debug|Any CPU
		{BB1090A4-175D-4958-8FE4-5E552126427E}.Release|Any CPU.ActiveCfg = Release|Any CPU
		{BB1090A4-175D-4958-8FE4-5E552126427E}.Release|Any CPU.Build.0 = Release|Any CPU
	EndGlobalSection
	GlobalSection(SolutionProperties) = preSolution
		HideSolutionNode = FALSE
	EndGlobalSection
	GlobalSection(ExtensibilityGlobals) = postSolution
		SolutionGuid = {F731BEC0-5465-4EED-983C-96335536AC1F}
	EndGlobalSection
EndGlobal
